
Microsoft Visual Studio Solution File, Format Version 12.00
# Visual Studio Version 16
VisualStudioVersion = 16.0.28803.352
MinimumVisualStudioVersion = 10.0.40219.1
Project("{FAE04EC0-301F-11D3-BF4B-00C04F79EFBC}") = "DirectoryHierarchyApp", "DirectoryHierarchyApp\DirectoryHierarchyApp.csproj", "{AF423542-85EF-41D4-96DF-94A029513F3E}"
EndProject
Global
	GlobalSection(SolutionConfigurationPlatforms) = preSolution
		Debug|Any CPU = Debug|Any CPU
		Release|Any CPU = Release|Any CPU
	EndGlobalSection
	GlobalSection(ProjectConfigurationPlatforms) = postSolution
		{AF423542-85EF-41D4-96DF-94A029513F3E}.Debug|Any CPU.ActiveCfg = Debug|Any CPU
		{AF423542-85EF-41D4-96DF-94A029513F3E}.Debug|Any CPU.Build.0 = Debug|Any CPU
		{AF423542-85EF-41D4-96DF-94A029513F3E}.Release|Any CPU.ActiveCfg = Release|Any CPU
		{AF423542-85EF-41D4-96DF-94A029513F3E}.Release|Any CPU.Build.0 = Release|Any CPU
	EndGlobalSection
	GlobalSection(SolutionProperties) = preSolution
		HideSolutionNode = FALSE
	EndGlobalSection
	GlobalSection(ExtensibilityGlobals) = postSolution
		SolutionGuid = {ECB4A2B8-FED1-43E5-90C3-71AAAB7FE7A9}
	EndGlobalSection
EndGlobal
